
Microsoft Visual Studio Solution File, Format Version 12.00
# Visual Studio Version 16
VisualStudioVersion = 16.0.30104.148
MinimumVisualStudioVersion = 10.0.40219.1
Project("{FAE04EC0-301F-11D3-BF4B-00C04F79EFBC}") = "Biblioteca", "Biblioteca\Biblioteca.csproj", "{1E108604-FCD8-4B2A-A0F1-2A0C79EB59ED}"
EndProject
Global
	GlobalSection(SolutionConfigurationPlatforms) = preSolution
		Debug|Any CPU = Debug|Any CPU
		Release|Any CPU = Release|Any CPU
	EndGlobalSection
	GlobalSection(ProjectConfigurationPlatforms) = postSolution
		{1E108604-FCD8-4B2A-A0F1-2A0C79EB59ED}.Debug|Any CPU.ActiveCfg = Debug|Any CPU
		{1E108604-FCD8-4B2A-A0F1-2A0C79EB59ED}.Debug|Any CPU.Build.0 = Debug|Any CPU
		{1E108604-FCD8-4B2A-A0F1-2A0C79EB59ED}.Release|Any CPU.ActiveCfg = Release|Any CPU
		{1E108604-FCD8-4B2A-A0F1-2A0C79EB59ED}.Release|Any CPU.Build.0 = Release|Any CPU
	EndGlobalSection
	GlobalSection(SolutionProperties) = preSolution
		HideSolutionNode = FALSE
	EndGlobalSection
	GlobalSection(ExtensibilityGlobals) = postSolution
		SolutionGuid = {C4B2E7A5-56B1-45E6-9E30-83BAC7184A73}
	EndGlobalSection
EndGlobal
